
Microsoft Visual Studio Solution File, Format Version 12.00
# Visual Studio Version 16
VisualStudioVersion = 16.0.29806.167
MinimumVisualStudioVersion = 10.0.40219.1
Project("{159641D6-6404-4A2A-AE62-294DE0FE8301}") = "Demo01", "Demo01\Demo01.dtproj", "{C64E7221-7E31-46C9-A4DE-782147A8B004}"
EndProject
Global
	GlobalSection(SolutionConfigurationPlatforms) = preSolution
		Development|Default = Development|Default
	EndGlobalSection
	GlobalSection(ProjectConfigurationPlatforms) = postSolution
		{C64E7221-7E31-46C9-A4DE-782147A8B004}.Development|Default.ActiveCfg = Development
		{C64E7221-7E31-46C9-A4DE-782147A8B004}.Development|Default.Build.0 = Development
	EndGlobalSection
	GlobalSection(SolutionProperties) = preSolution
		HideSolutionNode = FALSE
	EndGlobalSection
	GlobalSection(ExtensibilityGlobals) = postSolution
		SolutionGuid = {5CD8A675-D35C-47EB-869E-9A453912A07A}
	EndGlobalSection
EndGlobal
